
Microsoft Visual Studio Solution File, Format Version 12.00
# Visual Studio Version 17
VisualStudioVersion = 17.11.35327.3
MinimumVisualStudioVersion = 10.0.40219.1
Project("{FAE04EC0-301F-11D3-BF4B-00C04F79EFBC}") = "TuxedoASP", "TuxedoASP\TuxedoASP.csproj", "{7BEE226E-99A6-4970-AC4A-3A6E5A8F6D7F}"
EndProject
Global
	GlobalSection(SolutionConfigurationPlatforms) = preSolution
		Debug|Any CPU = Debug|Any CPU
		Release|Any CPU = Release|Any CPU
	EndGlobalSection
	GlobalSection(ProjectConfigurationPlatforms) = postSolution
		{7BEE226E-99A6-4970-AC4A-3A6E5A8F6D7F}.Debug|Any CPU.ActiveCfg = Debug|Any CPU
		{7BEE226E-99A6-4970-AC4A-3A6E5A8F6D7F}.Debug|Any CPU.Build.0 = Debug|Any CPU
		{7BEE226E-99A6-4970-AC4A-3A6E5A8F6D7F}.Release|Any CPU.ActiveCfg = Release|Any CPU
		{7BEE226E-99A6-4970-AC4A-3A6E5A8F6D7F}.Release|Any CPU.Build.0 = Release|Any CPU
	EndGlobalSection
	GlobalSection(SolutionProperties) = preSolution
		HideSolutionNode = FALSE
	EndGlobalSection
	GlobalSection(ExtensibilityGlobals) = postSolution
		SolutionGuid = {0F512328-432F-4368-A074-354424AADEF9}
	EndGlobalSection
EndGlobal
